{
  "name": "go-opentelemetry",
  "version": "1.0.0",
  "lockfileVersion": 3,
  "requires": true,
  "packages": {
    "": {
      "name": "go-opentelemetry",
      "version": "1.0.0",
      "license": "ISC",
      "dependencies": {
        "nats": "^2.13.1"
      }
    },
    "node_modules/nats": {
      "version": "2.13.1",
      "resolved": "https://registry.npmjs.org/nats/-/nats-2.13.1.tgz",
      "integrity": "sha512-lHV/DQREZVHXtavlAI5fFA7XDyN2/LNBtnNX76mPQV9BIKpTehzYrD1Hw7t/1mV4AGdrJj6U60JkQ8AMrVc6Mg==",
      "dependencies": {
        "nkeys.js": "1.0.5"
      },
      "engines": {
        "node": ">= 14.0.0"
      }
    },
    "node_modules/nkeys.js": {
      "version": "1.0.5",
      "resolved": "https://registry.npmjs.org/nkeys.js/-/nkeys.js-1.0.5.tgz",
      "integrity": "sha512-u25YnRPHiGVsNzwyHnn+PT90sgAhnS8jUJ1nxmkHMFYCJ6+Ic0lv291w7uhRBpJVJ3PH2GWbYqA151lGCRrB5g==",
      "dependencies": {
        "tweetnacl": "1.0.3"
      },
      "engines": {
        "node": ">=10.0.0"
      }
    },
    "node_modules/tweetnacl": {
      "version": "1.0.3",
      "resolved": "https://registry.npmjs.org/tweetnacl/-/tweetnacl-1.0.3.tgz",
      "integrity": "sha512-6rt+RN7aOi1nGMyC4Xa5DdYiukl2UWCbcJft7YhxReBGQD7OAM8Pbxw6YMo4r2diNEA8FEmu32YOn9rhaiE5yw=="
    }
  }
}
